
Microsoft Visual Studio Solution File, Format Version 12.00
# Visual Studio 15
VisualStudioVersion = 15.0.28307.136
MinimumVisualStudioVersion = 10.0.40219.1
Project("{FAE04EC0-301F-11D3-BF4B-00C04F79EFBC}") = "OAuth.Android", "OAuth\OAuth.Android\OAuth.Android.csproj", "{12D8C7B6-3626-4A41-9C18-9D50F37CB347}"
EndProject
Project("{FAE04EC0-301F-11D3-BF4B-00C04F79EFBC}") = "OAuth.iOS", "OAuth\OAuth.iOS\OAuth.iOS.csproj", "{DF5CE3DA-6226-4AC7-9720-7070EF80ECD9}"
EndProject
Project("{FAE04EC0-301F-11D3-BF4B-00C04F79EFBC}") = "OAuth", "OAuth\OAuth\OAuth.csproj", "{8FD6C224-4395-4D75-ACE7-F1CA73486F10}"
EndProject
Global
	GlobalSection(SolutionConfigurationPlatforms) = preSolution
		Ad-Hoc|Any CPU = Ad-Hoc|Any CPU
		Ad-Hoc|iPhone = Ad-Hoc|iPhone
		Ad-Hoc|iPhoneSimulator = Ad-Hoc|iPhoneSimulator
		AppStore|Any CPU = AppStore|Any CPU
		AppStore|iPhone = AppStore|iPhone
		AppStore|iPhoneSimulator = AppStore|iPhoneSimulator
		Debug|Any CPU = Debug|Any CPU
		Debug|iPhone = Debug|iPhone
		Debug|iPhoneSimulator = Debug|iPhoneSimulator
		Release|Any CPU = Release|Any CPU
		Release|iPhone = Release|iPhone
		Release|iPhoneSimulator = Release|iPhoneSimulator
	EndGlobalSection
	GlobalSection(ProjectConfigurationPlatforms) = postSolution
		{12D8C7B6-3626-4A41-9C18-9D50F37CB347}.Ad-Hoc|Any CPU.ActiveCfg = Release|Any CPU
		{12D8C7B6-3626-4A41-9C18-9D50F37CB347}.Ad-Hoc|Any CPU.Build.0 = Release|Any CPU
		{12D8C7B6-3626-4A41-9C18-9D50F37CB347}.Ad-Hoc|Any CPU.Deploy.0 = Release|Any CPU
		{12D8C7B6-3626-4A41-9C18-9D50F37CB347}.Ad-Hoc|iPhone.ActiveCfg = Release|Any CPU
		{12D8C7B6-3626-4A41-9C18-9D50F37CB347}.Ad-Hoc|iPhone.Build.0 = Release|Any CPU
		{12D8C7B6-3626-4A41-9C18-9D50F37CB347}.Ad-Hoc|iPhone.Deploy.0 = Release|Any CPU
		{12D8C7B6-3626-4A41-9C18-9D50F37CB347}.Ad-Hoc|iPhoneSimulator.ActiveCfg = Release|Any CPU
		{12D8C7B6-3626-4A41-9C18-9D50F37CB347}.Ad-Hoc|iPhoneSimulator.Build.0 = Release|Any CPU
		{12D8C7B6-3626-4A41-9C18-9D50F37CB347}.Ad-Hoc|iPhoneSimulator.Deploy.0 = Release|Any CPU
		{12D8C7B6-3626-4A41-9C18-9D50F37CB347}.AppStore|Any CPU.ActiveCfg = Release|Any CPU
		{12D8C7B6-3626-4A41-9C18-9D50F37CB347}.AppStore|Any CPU.Build.0 = Release|Any CPU
		{12D8C7B6-3626-4A41-9C18-9D50F37CB347}.AppStore|Any CPU.Deploy.0 = Release|Any CPU
		{12D8C7B6-3626-4A41-9C18-9D50F37CB347}.AppStore|iPhone.ActiveCfg = Release|Any CPU
		{12D8C7B6-3626-4A41-9C18-9D50F37CB347}.AppStore|iPhone.Build.0 = Release|Any CPU
		{12D8C7B6-3626-4A41-9C18-9D50F37CB347}.AppStore|iPhone.Deploy.0 = Release|Any CPU
		{12D8C7B6-3626-4A41-9C18-9D50F37CB347}.AppStore|iPhoneSimulator.ActiveCfg = Release|Any CPU
		{12D8C7B6-3626-4A41-9C18-9D50F37CB347}.AppStore|iPhoneSimulator.Build.0 = Release|Any CPU
		{12D8C7B6-3626-4A41-9C18-9D50F37CB347}.AppStore|iPhoneSimulator.Deploy.0 = Release|Any CPU
		{12D8C7B6-3626-4A41-9C18-9D50F37CB347}.Debug|Any CPU.ActiveCfg = Debug|Any CPU
		{12D8C7B6-3626-4A41-9C18-9D50F37CB347}.Debug|Any CPU.Build.0 = Debug|Any CPU
		{12D8C7B6-3626-4A41-9C18-9D50F37CB347}.Debug|Any CPU.Deploy.0 = Debug|Any CPU
		{12D8C7B6-3626-4A41-9C18-9D50F37CB347}.Debug|iPhone.ActiveCfg = Debug|Any CPU
		{12D8C7B6-3626-4A41-9C18-9D50F37CB347}.Debug|iPhone.Build.0 = Debug|Any CPU
		{12D8C7B6-3626-4A41-9C18-9D50F37CB347}.Debug|iPhone.Deploy.0 = Debug|Any CPU
		{12D8C7B6-3626-4A41-9C18-9D50F37CB347}.Debug|iPhoneSimulator.ActiveCfg = Debug|Any CPU
		{12D8C7B6-3626-4A41-9C18-9D50F37CB347}.Debug|iPhoneSimulator.Build.0 = Debug|Any CPU
		{12D8C7B6-3626-4A41-9C18-9D50F37CB347}.Debug|iPhoneSimulator.Deploy.0 = Debug|Any CPU
		{12D8C7B6-3626-4A41-9C18-9D50F37CB347}.Release|Any CPU.ActiveCfg = Release|Any CPU
		{12D8C7B6-3626-4A41-9C18-9D50F37CB347}.Release|Any CPU.Build.0 = Release|Any CPU
		{12D8C7B6-3626-4A41-9C18-9D50F37CB347}.Release|Any CPU.Deploy.0 = Release|Any CPU
		{12D8C7B6-3626-4A41-9C18-9D50F37CB347}.Release|iPhone.ActiveCfg = Release|Any CPU
		{12D8C7B6-3626-4A41-9C18-9D50F37CB347}.Release|iPhone.Build.0 = Release|Any CPU
		{12D8C7B6-3626-4A41-9C18-9D50F37CB347}.Release|iPhone.Deploy.0 = Release|Any CPU
		{12D8C7B6-3626-4A41-9C18-9D50F37CB347}.Release|iPhoneSimulator.ActiveCfg = Release|Any CPU
		{12D8C7B6-3626-4A41-9C18-9D50F37CB347}.Release|iPhoneSimulator.Build.0 = Release|Any CPU
		{12D8C7B6-3626-4A41-9C18-9D50F37CB347}.Release|iPhoneSimulator.Deploy.0 = Release|Any CPU
		{DF5CE3DA-6226-4AC7-9720-7070EF80ECD9}.Ad-Hoc|Any CPU.ActiveCfg = Ad-Hoc|iPhone
		{DF5CE3DA-6226-4AC7-9720-7070EF80ECD9}.Ad-Hoc|Any CPU.Build.0 = Ad-Hoc|iPhone
		{DF5CE3DA-6226-4AC7-9720-7070EF80ECD9}.Ad-Hoc|Any CPU.Deploy.0 = Ad-Hoc|iPhone
		{DF5CE3DA-6226-4AC7-9720-7070EF80ECD9}.Ad-Hoc|iPhone.ActiveCfg = Ad-Hoc|iPhone
		{DF5CE3DA-6226-4AC7-9720-7070EF80ECD9}.Ad-Hoc|iPhone.Build.0 = Ad-Hoc|iPhone
		{DF5CE3DA-6226-4AC7-9720-7070EF80ECD9}.Ad-Hoc|iPhone.Deploy.0 = Ad-Hoc|iPhone
		{DF5CE3DA-6226-4AC7-9720-7070EF80ECD9}.Ad-Hoc|iPhoneSimulator.ActiveCfg = Ad-Hoc|iPhoneSimulator
		{DF5CE3DA-6226-4AC7-9720-7070EF80ECD9}.Ad-Hoc|iPhoneSimulator.Build.0 = Ad-Hoc|iPhoneSimulator
		{DF5CE3DA-6226-4AC7-9720-7070EF80ECD9}.Ad-Hoc|iPhoneSimulator.Deploy.0 = Ad-Hoc|iPhoneSimulator
		{DF5CE3DA-6226-4AC7-9720-7070EF80ECD9}.AppStore|Any CPU.ActiveCfg = AppStore|iPhone
		{DF5CE3DA-6226-4AC7-9720-7070EF80ECD9}.AppStore|Any CPU.Build.0 = AppStore|iPhone
		{DF5CE3DA-6226-4AC7-9720-7070EF80ECD9}.AppStore|Any CPU.Deploy.0 = AppStore|iPhone
		{DF5CE3DA-6226-4AC7-9720-7070EF80ECD9}.AppStore|iPhone.ActiveCfg = AppStore|iPhone
		{DF5CE3DA-6226-4AC7-9720-7070EF80ECD9}.AppStore|iPhone.Build.0 = AppStore|iPhone
		{DF5CE3DA-6226-4AC7-9720-7070EF80ECD9}.AppStore|iPhone.Deploy.0 = AppStore|iPhone
		{DF5CE3DA-6226-4AC7-9720-7070EF80ECD9}.AppStore|iPhoneSimulator.ActiveCfg = AppStore|iPhoneSimulator
		{DF5CE3DA-6226-4AC7-9720-7070EF80ECD9}.AppStore|iPhoneSimulator.Build.0 = AppStore|iPhoneSimulator
		{DF5CE3DA-6226-4AC7-9720-7070EF80ECD9}.AppStore|iPhoneSimulator.Deploy.0 = AppStore|iPhoneSimulator
		{DF5CE3DA-6226-4AC7-9720-7070EF80ECD9}.Debug|Any CPU.ActiveCfg = Debug|iPhoneSimulator
		{DF5CE3DA-6226-4AC7-9720-7070EF80ECD9}.Debug|Any CPU.Build.0 = Debug|iPhoneSimulator
		{DF5CE3DA-6226-4AC7-9720-7070EF80ECD9}.Debug|Any CPU.Deploy.0 = Debug|iPhoneSimulator
		{DF5CE3DA-6226-4AC7-9720-7070EF80ECD9}.Debug|iPhone.ActiveCfg = Debug|iPhone
		{DF5CE3DA-6226-4AC7-9720-7070EF80ECD9}.Debug|iPhone.Build.0 = Debug|iPhone
		{DF5CE3DA-6226-4AC7-9720-7070EF80ECD9}.Debug|iPhone.Deploy.0 = Debug|iPhone
		{DF5CE3DA-6226-4AC7-9720-7070EF80ECD9}.Debug|iPhoneSimulator.ActiveCfg = Debug|iPhoneSimulator
		{DF5CE3DA-6226-4AC7-9720-7070EF80ECD9}.Debug|iPhoneSimulator.Build.0 = Debug|iPhoneSimulator
		{DF5CE3DA-6226-4AC7-9720-7070EF80ECD9}.Debug|iPhoneSimulator.Deploy.0 = Debug|iPhoneSimulator
		{DF5CE3DA-6226-4AC7-9720-7070EF80ECD9}.Release|Any CPU.ActiveCfg = Release|iPhone
		{DF5CE3DA-6226-4AC7-9720-7070EF80ECD9}.Release|Any CPU.Build.0 = Release|iPhone
		{DF5CE3DA-6226-4AC7-9720-7070EF80ECD9}.Release|Any CPU.Deploy.0 = Release|iPhone
		{DF5CE3DA-6226-4AC7-9720-7070EF80ECD9}.Release|iPhone.ActiveCfg = Release|iPhone
		{DF5CE3DA-6226-4AC7-9720-7070EF80ECD9}.Release|iPhone.Build.0 = Release|iPhone
		{DF5CE3DA-6226-4AC7-9720-7070EF80ECD9}.Release|iPhone.Deploy.0 = Release|iPhone
		{DF5CE3DA-6226-4AC7-9720-7070EF80ECD9}.Release|iPhoneSimulator.ActiveCfg = Release|iPhoneSimulator
		{DF5CE3DA-6226-4AC7-9720-7070EF80ECD9}.Release|iPhoneSimulator.Build.0 = Release|iPhoneSimulator
		{DF5CE3DA-6226-4AC7-9720-7070EF80ECD9}.Release|iPhoneSimulator.Deploy.0 = Release|iPhoneSimulator
		{8FD6C224-4395-4D75-ACE7-F1CA73486F10}.Ad-Hoc|Any CPU.ActiveCfg = Debug|Any CPU
		{8FD6C224-4395-4D75-ACE7-F1CA73486F10}.Ad-Hoc|Any CPU.Build.0 = Debug|Any CPU
		{8FD6C224-4395-4D75-ACE7-F1CA73486F10}.Ad-Hoc|Any CPU.Deploy.0 = Debug|Any CPU
		{8FD6C224-4395-4D75-ACE7-F1CA73486F10}.Ad-Hoc|iPhone.ActiveCfg = Debug|Any CPU
		{8FD6C224-4395-4D75-ACE7-F1CA73486F10}.Ad-Hoc|iPhone.Build.0 = Debug|Any CPU
		{8FD6C224-4395-4D75-ACE7-F1CA73486F10}.Ad-Hoc|iPhone.Deploy.0 = Debug|Any CPU
		{8FD6C224-4395-4D75-ACE7-F1CA73486F10}.Ad-Hoc|iPhoneSimulator.ActiveCfg = Debug|Any CPU
		{8FD6C224-4395-4D75-ACE7-F1CA73486F10}.Ad-Hoc|iPhoneSimulator.Build.0 = Debug|Any CPU
		{8FD6C224-4395-4D75-ACE7-F1CA73486F10}.Ad-Hoc|iPhoneSimulator.Deploy.0 = Debug|Any CPU
		{8FD6C224-4395-4D75-ACE7-F1CA73486F10}.AppStore|Any CPU.ActiveCfg = Debug|Any CPU
		{8FD6C224-4395-4D75-ACE7-F1CA73486F10}.AppStore|Any CPU.Build.0 = Debug|Any CPU
		{8FD6C224-4395-4D75-ACE7-F1CA73486F10}.AppStore|Any CPU.Deploy.0 = Debug|Any CPU
		{8FD6C224-4395-4D75-ACE7-F1CA73486F10}.AppStore|iPhone.ActiveCfg = Debug|Any CPU
		{8FD6C224-4395-4D75-ACE7-F1CA73486F10}.AppStore|iPhone.Build.0 = Debug|Any CPU
		{8FD6C224-4395-4D75-ACE7-F1CA73486F10}.AppStore|iPhone.Deploy.0 = Debug|Any CPU
		{8FD6C224-4395-4D75-ACE7-F1CA73486F10}.AppStore|iPhoneSimulator.ActiveCfg = Debug|Any CPU
		{8FD6C224-4395-4D75-ACE7-F1CA73486F10}.AppStore|iPhoneSimulator.Build.0 = Debug|Any CPU
		{8FD6C224-4395-4D75-ACE7-F1CA73486F10}.AppStore|iPhoneSimulator.Deploy.0 = Debug|Any CPU
		{8FD6C224-4395-4D75-ACE7-F1CA73486F10}.Debug|Any CPU.ActiveCfg = Debug|Any CPU
		{8FD6C224-4395-4D75-ACE7-F1CA73486F10}.Debug|Any CPU.Build.0 = Debug|Any CPU
		{8FD6C224-4395-4D75-ACE7-F1CA73486F10}.Debug|Any CPU.Deploy.0 = Debug|Any CPU
		{8FD6C224-4395-4D75-ACE7-F1CA73486F10}.Debug|iPhone.ActiveCfg = Debug|Any CPU
		{8FD6C224-4395-4D75-ACE7-F1CA73486F10}.Debug|iPhone.Build.0 = Debug|Any CPU
		{8FD6C224-4395-4D75-ACE7-F1CA73486F10}.Debug|iPhone.Deploy.0 = Debug|Any CPU
		{8FD6C224-4395-4D75-ACE7-F1CA73486F10}.Debug|iPhoneSimulator.ActiveCfg = Debug|Any CPU
		{8FD6C224-4395-4D75-ACE7-F1CA73486F10}.Debug|iPhoneSimulator.Build.0 = Debug|Any CPU
		{8FD6C224-4395-4D75-ACE7-F1CA73486F10}.Debug|iPhoneSimulator.Deploy.0 = Debug|Any CPU
		{8FD6C224-4395-4D75-ACE7-F1CA73486F10}.Release|Any CPU.ActiveCfg = Release|Any CPU
		{8FD6C224-4395-4D75-ACE7-F1CA73486F10}.Release|Any CPU.Build.0 = Release|Any CPU
		{8FD6C224-4395-4D75-ACE7-F1CA73486F10}.Release|Any CPU.Deploy.0 = Release|Any CPU
		{8FD6C224-4395-4D75-ACE7-F1CA73486F10}.Release|iPhone.ActiveCfg = Release|Any CPU
		{8FD6C224-4395-4D75-ACE7-F1CA73486F10}.Release|iPhone.Build.0 = Release|Any CPU
		{8FD6C224-4395-4D75-ACE7-F1CA73486F10}.Release|iPhone.Deploy.0 = Release|Any CPU
		{8FD6C224-4395-4D75-ACE7-F1CA73486F10}.Release|iPhoneSimulator.ActiveCfg = Release|Any CPU
		{8FD6C224-4395-4D75-ACE7-F1CA73486F10}.Release|iPhoneSimulator.Build.0 = Release|Any CPU
		{8FD6C224-4395-4D75-ACE7-F1CA73486F10}.Release|iPhoneSimulator.Deploy.0 = Release|Any CPU
	EndGlobalSection
	GlobalSection(SolutionProperties) = preSolution
		HideSolutionNode = FALSE
	EndGlobalSection
	GlobalSection(ExtensibilityGlobals) = postSolution
		SolutionGuid = {CE135ADA-10AB-441E-8F93-50E5EA243DD3}
	EndGlobalSection
EndGlobal
